<?xml version="1.0" encoding="utf-8"?>
<Project ToolsVersion="4.0" xmlns="http://schemas.microsoft.com/developer/msbuild/2003">
  <ItemGroup>
    <Filter Include="Penelope">
      <UniqueIdentifier>{7D08F8B6-69D5-52C2-92EE-406A7E1A8850}</UniqueIdentifier>
    </Filter>
  </ItemGroup>
  <ItemGroup>
    <ClInclude Include="src\Penelope.hpp" />
    <ClInclude Include="src\Penelope\Application.hpp">
      <Filter>Penelope</Filter>
    </ClInclude>
    <ClInclude Include="src\Penelope\Core.hpp">
      <Filter>Penelope</Filter>
    </ClInclude>
    <ClInclude Include="src\Penelope\EntryPoint.hpp">
      <Filter>Penelope</Filter>
    </ClInclude>
    <ClInclude Include="src\Penelope\Log.hpp">
      <Filter>Penelope</Filter>
    </ClInclude>
  </ItemGroup>
  <ItemGroup>
    <ClCompile Include="src\Penelope\Application.cpp">
      <Filter>Penelope</Filter>
    </ClCompile>
    <ClCompile Include="src\Penelope\Log.cpp">
      <Filter>Penelope</Filter>
    </ClCompile>
  </ItemGroup>
</Project>