<?xml version="1.0" encoding="utf-8"?>
<Project ToolsVersion="4.0" xmlns="http://schemas.microsoft.com/developer/msbuild/2003">
  <ItemGroup>
    <Filter Include="Penelope">
      <UniqueIdentifier>{7D08F8B6-69D5-52C2-92EE-406A7E1A8850}</UniqueIdentifier>
    </Filter>
    <Filter Include="Penelope\Events">
      <UniqueIdentifier>{C1A53966-2D31-A72A-3642-2A1FA24C032B}</UniqueIdentifier>
    </Filter>
    <Filter Include="Platforms">
      <UniqueIdentifier>{DDACA145-4917-56BC-9255-0762FEFE3311}</UniqueIdentifier>
    </Filter>
    <Filter Include="Platforms\Windows">
      <UniqueIdentifier>{17E40808-83FA-069E-CC71-92BF38C7D725}</UniqueIdentifier>
    </Filter>
  </ItemGroup>
  <ItemGroup>
    <ClInclude Include="src\Penelope.hpp" />
    <ClInclude Include="src\Penelope\Application.hpp">
      <Filter>Penelope</Filter>
    </ClInclude>
    <ClInclude Include="src\Penelope\Core.hpp">
      <Filter>Penelope</Filter>
    </ClInclude>
    <ClInclude Include="src\Penelope\EntryPoint.hpp">
      <Filter>Penelope</Filter>
    </ClInclude>
    <ClInclude Include="src\Penelope\Events\ApplicationEvent.hpp">
      <Filter>Penelope\Events</Filter>
    </ClInclude>
    <ClInclude Include="src\Penelope\Events\Event.hpp">
      <Filter>Penelope\Events</Filter>
    </ClInclude>
    <ClInclude Include="src\Penelope\Events\KeyEvent.hpp">
      <Filter>Penelope\Events</Filter>
    </ClInclude>
    <ClInclude Include="src\Penelope\Events\MouseEvent.hpp">
      <Filter>Penelope\Events</Filter>
    </ClInclude>
    <ClInclude Include="src\Penelope\Log.hpp">
      <Filter>Penelope</Filter>
    </ClInclude>
    <ClInclude Include="src\Penelope\Window.hpp">
      <Filter>Penelope</Filter>
    </ClInclude>
    <ClInclude Include="src\Platforms\Windows\WindowsWindow.hpp">
      <Filter>Platforms\Windows</Filter>
    </ClInclude>
    <ClInclude Include="src\pnpch.hpp" />
  </ItemGroup>
  <ItemGroup>
    <ClCompile Include="src\Penelope\Application.cpp">
      <Filter>Penelope</Filter>
    </ClCompile>
    <ClCompile Include="src\Penelope\Log.cpp">
      <Filter>Penelope</Filter>
    </ClCompile>
    <ClCompile Include="src\Platforms\Windows\WindowsWindow.cpp">
      <Filter>Platforms\Windows</Filter>
    </ClCompile>
    <ClCompile Include="src\pnpch.cpp" />
  </ItemGroup>
</Project>